// !$*UTF8*$!
{
	archiveVersion = 1;
	classes = {
	};
	objectVersion = 46;
	objects = {

/* Begin PBXBuildFile section */
		9CBC42401D0627D80009B2A2 /* StudentClient.swift in Sources */ = {isa = PBXBuildFile; fileRef = 9CBC423F1D0627D80009B2A2 /* StudentClient.swift */; };
		9CBC42441D0629600009B2A2 /* StudentConvenience.swift in Sources */ = {isa = PBXBuildFile; fileRef = 9CBC42431D0629600009B2A2 /* StudentConvenience.swift */; };
		9CBC42461D11E3C20009B2A2 /* Reachability.swift in Sources */ = {isa = PBXBuildFile; fileRef = 9CBC42451D11E3C20009B2A2 /* Reachability.swift */; };
		9CBC424A1D147AB90009B2A2 /* StudentInfoManager.swift in Sources */ = {isa = PBXBuildFile; fileRef = 9CBC42491D147AB90009B2A2 /* StudentInfoManager.swift */; };
		9CD60CDD1CFF6BF9005C43BA /* AppDelegate.swift in Sources */ = {isa = PBXBuildFile; fileRef = 9CD60CDC1CFF6BF9005C43BA /* AppDelegate.swift */; };
		9CD60CDF1CFF6BF9005C43BA /* MapTabViewController.swift in Sources */ = {isa = PBXBuildFile; fileRef = 9CD60CDE1CFF6BF9005C43BA /* MapTabViewController.swift */; };
		9CD60CE11CFF6BF9005C43BA /* TableTabViewController.swift in Sources */ = {isa = PBXBuildFile; fileRef = 9CD60CE01CFF6BF9005C43BA /* TableTabViewController.swift */; };
		9CD60CE41CFF6BF9005C43BA /* Main.storyboard in Resources */ = {isa = PBXBuildFile; fileRef = 9CD60CE21CFF6BF9005C43BA /* Main.storyboard */; };
		9CD60CE61CFF6BF9005C43BA /* Assets.xcassets in Resources */ = {isa = PBXBuildFile; fileRef = 9CD60CE51CFF6BF9005C43BA /* Assets.xcassets */; };
		9CD60CE91CFF6BF9005C43BA /* LaunchScreen.storyboard in Resources */ = {isa = PBXBuildFile; fileRef = 9CD60CE71CFF6BF9005C43BA /* LaunchScreen.storyboard */; };
		9CD60CF41CFF6BF9005C43BA /* On_The_MapTests.swift in Sources */ = {isa = PBXBuildFile; fileRef = 9CD60CF31CFF6BF9005C43BA /* On_The_MapTests.swift */; };
		9CD60CFF1CFF6BF9005C43BA /* On_The_MapUITests.swift in Sources */ = {isa = PBXBuildFile; fileRef = 9CD60CFE1CFF6BF9005C43BA /* On_The_MapUITests.swift */; };
		9CD60D0F1CFF6CD3005C43BA /* GCDBlackBox.swift in Sources */ = {isa = PBXBuildFile; fileRef = 9CD60D0E1CFF6CD3005C43BA /* GCDBlackBox.swift */; };
		9CD60D111CFF6CF1005C43BA /* StudentInformation.swift in Sources */ = {isa = PBXBuildFile; fileRef = 9CD60D101CFF6CF1005C43BA /* StudentInformation.swift */; };
		9CD60D141CFF6D5E005C43BA /* LoginViewController.swift in Sources */ = {isa = PBXBuildFile; fileRef = 9CD60D131CFF6D5E005C43BA /* LoginViewController.swift */; };
		9CD60D161CFF6DCC005C43BA /* InfoPostViewController.swift in Sources */ = {isa = PBXBuildFile; fileRef = 9CD60D151CFF6DCC005C43BA /* InfoPostViewController.swift */; };
		9CD60D1E1CFF6FAE005C43BA /* Constants.swift in Sources */ = {isa = PBXBuildFile; fileRef = 9CD60D1D1CFF6FAE005C43BA /* Constants.swift */; };
		9CD60D311CFF7322005C43BA /* Icon-40.png in Resources */ = {isa = PBXBuildFile; fileRef = 9CD60D221CFF7322005C43BA /* Icon-40.png */; };
		9CD60D321CFF7322005C43BA /* Icon-40@2x.png in Resources */ = {isa = PBXBuildFile; fileRef = 9CD60D231CFF7322005C43BA /* Icon-40@2x.png */; };
		9CD60D331CFF7322005C43BA /* Icon-40@3x.png in Resources */ = {isa = PBXBuildFile; fileRef = 9CD60D241CFF7322005C43BA /* Icon-40@3x.png */; };
		9CD60D341CFF7322005C43BA /* Icon-60@2x.png in Resources */ = {isa = PBXBuildFile; fileRef = 9CD60D251CFF7322005C43BA /* Icon-60@2x.png */; };
		9CD60D351CFF7322005C43BA /* Icon-60@3x.png in Resources */ = {isa = PBXBuildFile; fileRef = 9CD60D261CFF7322005C43BA /* Icon-60@3x.png */; };
		9CD60D361CFF7322005C43BA /* Icon-76.png in Resources */ = {isa = PBXBuildFile; fileRef = 9CD60D271CFF7322005C43BA /* Icon-76.png */; };
		9CD60D371CFF7322005C43BA /* Icon-76@2x.png in Resources */ = {isa = PBXBuildFile; fileRef = 9CD60D281CFF7322005C43BA /* Icon-76@2x.png */; };
		9CD60D381CFF7322005C43BA /* Icon-83.5@2x.png in Resources */ = {isa = PBXBuildFile; fileRef = 9CD60D291CFF7322005C43BA /* Icon-83.5@2x.png */; };
		9CD60D391CFF7322005C43BA /* Icon-Small.png in Resources */ = {isa = PBXBuildFile; fileRef = 9CD60D2A1CFF7322005C43BA /* Icon-Small.png */; };
		9CD60D3A1CFF7322005C43BA /* Icon-Small@2x.png in Resources */ = {isa = PBXBuildFile; fileRef = 9CD60D2B1CFF7322005C43BA /* Icon-Small@2x.png */; };
		9CD60D3B1CFF7322005C43BA /* Icon-Small@3x.png in Resources */ = {isa = PBXBuildFile; fileRef = 9CD60D2C1CFF7322005C43BA /* Icon-Small@3x.png */; };
		9CD60D3C1CFF7322005C43BA /* list.pdf in Resources */ = {isa = PBXBuildFile; fileRef = 9CD60D2D1CFF7322005C43BA /* list.pdf */; };
		9CD60D3D1CFF7322005C43BA /* map.pdf in Resources */ = {isa = PBXBuildFile; fileRef = 9CD60D2E1CFF7322005C43BA /* map.pdf */; };
		9CD60D3E1CFF7322005C43BA /* pin.pdf in Resources */ = {isa = PBXBuildFile; fileRef = 9CD60D2F1CFF7322005C43BA /* pin.pdf */; };
		9CD60D3F1CFF7322005C43BA /* udacity.pdf in Resources */ = {isa = PBXBuildFile; fileRef = 9CD60D301CFF7322005C43BA /* udacity.pdf */; };
/* End PBXBuildFile section */

/* Begin PBXContainerItemProxy section */
		9CD60CF01CFF6BF9005C43BA /* PBXContainerItemProxy */ = {
			isa = PBXContainerItemProxy;
			containerPortal = 9CD60CD11CFF6BF9005C43BA /* Project object */;
			proxyType = 1;
			remoteGlobalIDString = 9CD60CD81CFF6BF9005C43BA;
			remoteInfo = "On The Map";
		};
		9CD60CFB1CFF6BF9005C43BA /* PBXContainerItemProxy */ = {
			isa = PBXContainerItemProxy;
			containerPortal = 9CD60CD11CFF6BF9005C43BA /* Project object */;
			proxyType = 1;
			remoteGlobalIDString = 9CD60CD81CFF6BF9005C43BA;
			remoteInfo = "On The Map";
		};
/* End PBXContainerItemProxy section */

/* Begin PBXFileReference section */
		9CBC423F1D0627D80009B2A2 /* StudentClient.swift */ = {isa = PBXFileReference; fileEncoding = 4; lastKnownFileType = sourcecode.swift; path = StudentClient.swift; sourceTree = "<group>"; };
		9CBC42431D0629600009B2A2 /* StudentConvenience.swift */ = {isa = PBXFileReference; fileEncoding = 4; lastKnownFileType = sourcecode.swift; path = StudentConvenience.swift; sourceTree = "<group>"; };
		9CBC42451D11E3C20009B2A2 /* Reachability.swift */ = {isa = PBXFileReference; fileEncoding = 4; lastKnownFileType = sourcecode.swift; path = Reachability.swift; sourceTree = "<group>"; };
		9CBC42491D147AB90009B2A2 /* StudentInfoManager.swift */ = {isa = PBXFileReference; fileEncoding = 4; lastKnownFileType = sourcecode.swift; path = StudentInfoManager.swift; sourceTree = "<group>"; };
		9CD60CD91CFF6BF9005C43BA /* On The Map.app */ = {isa = PBXFileReference; explicitFileType = wrapper.application; includeInIndex = 0; path = "On The Map.app"; sourceTree = BUILT_PRODUCTS_DIR; };
		9CD60CDC1CFF6BF9005C43BA /* AppDelegate.swift */ = {isa = PBXFileReference; lastKnownFileType = sourcecode.swift; path = AppDelegate.swift; sourceTree = "<group>"; };
		9CD60CDE1CFF6BF9005C43BA /* MapTabViewController.swift */ = {isa = PBXFileReference; lastKnownFileType = sourcecode.swift; path = MapTabViewController.swift; sourceTree = "<group>"; };
		9CD60CE01CFF6BF9005C43BA /* TableTabViewController.swift */ = {isa = PBXFileReference; lastKnownFileType = sourcecode.swift; path = TableTabViewController.swift; sourceTree = "<group>"; };
		9CD60CE31CFF6BF9005C43BA /* Base */ = {isa = PBXFileReference; lastKnownFileType = file.storyboard; name = Base; path = Base.lproj/Main.storyboard; sourceTree = "<group>"; };
		9CD60CE51CFF6BF9005C43BA /* Assets.xcassets */ = {isa = PBXFileReference; lastKnownFileType = folder.assetcatalog; path = Assets.xcassets; sourceTree = "<group>"; };
		9CD60CE81CFF6BF9005C43BA /* Base */ = {isa = PBXFileReference; lastKnownFileType = file.storyboard; name = Base; path = Base.lproj/LaunchScreen.storyboard; sourceTree = "<group>"; };
		9CD60CEA1CFF6BF9005C43BA /* Info.plist */ = {isa = PBXFileReference; lastKnownFileType = text.plist.xml; path = Info.plist; sourceTree = "<group>"; };
		9CD60CEF1CFF6BF9005C43BA /* On The MapTests.xctest */ = {isa = PBXFileReference; explicitFileType = wrapper.cfbundle; includeInIndex = 0; path = "On The MapTests.xctest"; sourceTree = BUILT_PRODUCTS_DIR; };
		9CD60CF31CFF6BF9005C43BA /* On_The_MapTests.swift */ = {isa = PBXFileReference; lastKnownFileType = sourcecode.swift; path = On_The_MapTests.swift; sourceTree = "<group>"; };
		9CD60CF51CFF6BF9005C43BA /* Info.plist */ = {isa = PBXFileReference; lastKnownFileType = text.plist.xml; path = Info.plist; sourceTree = "<group>"; };
		9CD60CFA1CFF6BF9005C43BA /* On The MapUITests.xctest */ = {isa = PBXFileReference; explicitFileType = wrapper.cfbundle; includeInIndex = 0; path = "On The MapUITests.xctest"; sourceTree = BUILT_PRODUCTS_DIR; };
		9CD60CFE1CFF6BF9005C43BA /* On_The_MapUITests.swift */ = {isa = PBXFileReference; lastKnownFileType = sourcecode.swift; path = On_The_MapUITests.swift; sourceTree = "<group>"; };
		9CD60D001CFF6BF9005C43BA /* Info.plist */ = {isa = PBXFileReference; lastKnownFileType = text.plist.xml; path = Info.plist; sourceTree = "<group>"; };
		9CD60D0E1CFF6CD3005C43BA /* GCDBlackBox.swift */ = {isa = PBXFileReference; fileEncoding = 4; lastKnownFileType = sourcecode.swift; path = GCDBlackBox.swift; sourceTree = "<group>"; };
		9CD60D101CFF6CF1005C43BA /* StudentInformation.swift */ = {isa = PBXFileReference; fileEncoding = 4; lastKnownFileType = sourcecode.swift; path = StudentInformation.swift; sourceTree = "<group>"; };
		9CD60D131CFF6D5E005C43BA /* LoginViewController.swift */ = {isa = PBXFileReference; fileEncoding = 4; lastKnownFileType = sourcecode.swift; path = LoginViewController.swift; sourceTree = "<group>"; };
		9CD60D151CFF6DCC005C43BA /* InfoPostViewController.swift */ = {isa = PBXFileReference; fileEncoding = 4; lastKnownFileType = sourcecode.swift; path = InfoPostViewController.swift; sourceTree = "<group>"; };
		9CD60D1D1CFF6FAE005C43BA /* Constants.swift */ = {isa = PBXFileReference; fileEncoding = 4; lastKnownFileType = sourcecode.swift; path = Constants.swift; sourceTree = "<group>"; };
		9CD60D221CFF7322005C43BA /* Icon-40.png */ = {isa = PBXFileReference; lastKnownFileType = image.png; path = "Icon-40.png"; sourceTree = "<group>"; };
		9CD60D231CFF7322005C43BA /* Icon-40@2x.png */ = {isa = PBXFileReference; lastKnownFileType = image.png; path = "Icon-40@2x.png"; sourceTree = "<group>"; };
		9CD60D241CFF7322005C43BA /* Icon-40@3x.png */ = {isa = PBXFileReference; lastKnownFileType = image.png; path = "Icon-40@3x.png"; sourceTree = "<group>"; };
		9CD60D251CFF7322005C43BA /* Icon-60@2x.png */ = {isa = PBXFileReference; lastKnownFileType = image.png; path = "Icon-60@2x.png"; sourceTree = "<group>"; };
		9CD60D261CFF7322005C43BA /* Icon-60@3x.png */ = {isa = PBXFileReference; lastKnownFileType = image.png; path = "Icon-60@3x.png"; sourceTree = "<group>"; };
		9CD60D271CFF7322005C43BA /* Icon-76.png */ = {isa = PBXFileReference; lastKnownFileType = image.png; path = "Icon-76.png"; sourceTree = "<group>"; };
		9CD60D281CFF7322005C43BA /* Icon-76@2x.png */ = {isa = PBXFileReference; lastKnownFileType = image.png; path = "Icon-76@2x.png"; sourceTree = "<group>"; };
		9CD60D291CFF7322005C43BA /* Icon-83.5@2x.png */ = {isa = PBXFileReference; lastKnownFileType = image.png; path = "Icon-83.5@2x.png"; sourceTree = "<group>"; };
		9CD60D2A1CFF7322005C43BA /* Icon-Small.png */ = {isa = PBXFileReference; lastKnownFileType = image.png; path = "Icon-Small.png"; sourceTree = "<group>"; };
		9CD60D2B1CFF7322005C43BA /* Icon-Small@2x.png */ = {isa = PBXFileReference; lastKnownFileType = image.png; path = "Icon-Small@2x.png"; sourceTree = "<group>"; };
		9CD60D2C1CFF7322005C43BA /* Icon-Small@3x.png */ = {isa = PBXFileReference; lastKnownFileType = image.png; path = "Icon-Small@3x.png"; sourceTree = "<group>"; };
		9CD60D2D1CFF7322005C43BA /* list.pdf */ = {isa = PBXFileReference; lastKnownFileType = image.pdf; path = list.pdf; sourceTree = "<group>"; };
		9CD60D2E1CFF7322005C43BA /* map.pdf */ = {isa = PBXFileReference; lastKnownFileType = image.pdf; path = map.pdf; sourceTree = "<group>"; };
		9CD60D2F1CFF7322005C43BA /* pin.pdf */ = {isa = PBXFileReference; lastKnownFileType = image.pdf; path = pin.pdf; sourceTree = "<group>"; };
		9CD60D301CFF7322005C43BA /* udacity.pdf */ = {isa = PBXFileReference; lastKnownFileType = image.pdf; path = udacity.pdf; sourceTree = "<group>"; };
/* End PBXFileReference section */

/* Begin PBXFrameworksBuildPhase section */
		9CD60CD61CFF6BF9005C43BA /* Frameworks */ = {
			isa = PBXFrameworksBuildPhase;
			buildActionMask = 2147483647;
			files = (
			);
			runOnlyForDeploymentPostprocessing = 0;
		};
		9CD60CEC1CFF6BF9005C43BA /* Frameworks */ = {
			isa = PBXFrameworksBuildPhase;
			buildActionMask = 2147483647;
			files = (
			);
			runOnlyForDeploymentPostprocessing = 0;
		};
		9CD60CF71CFF6BF9005C43BA /* Frameworks */ = {
			isa = PBXFrameworksBuildPhase;
			buildActionMask = 2147483647;
			files = (
			);
			runOnlyForDeploymentPostprocessing = 0;
		};
/* End PBXFrameworksBuildPhase section */

/* Begin PBXGroup section */
		9CD60CD01CFF6BF9005C43BA = {
			isa = PBXGroup;
			children = (
				9CD60CDB1CFF6BF9005C43BA /* On The Map */,
				9CD60CF21CFF6BF9005C43BA /* On The MapTests */,
				9CD60CFD1CFF6BF9005C43BA /* On The MapUITests */,
				9CD60CDA1CFF6BF9005C43BA /* Products */,
			);
			sourceTree = "<group>";
		};
		9CD60CDA1CFF6BF9005C43BA /* Products */ = {
			isa = PBXGroup;
			children = (
				9CD60CD91CFF6BF9005C43BA /* On The Map.app */,
				9CD60CEF1CFF6BF9005C43BA /* On The MapTests.xctest */,
				9CD60CFA1CFF6BF9005C43BA /* On The MapUITests.xctest */,
			);
			name = Products;
			sourceTree = "<group>";
		};
		9CD60CDB1CFF6BF9005C43BA /* On The Map */ = {
			isa = PBXGroup;
			children = (
				9CD60CDC1CFF6BF9005C43BA /* AppDelegate.swift */,
				9CD60D0E1CFF6CD3005C43BA /* GCDBlackBox.swift */,
				9CBC42451D11E3C20009B2A2 /* Reachability.swift */,
				9CD60D191CFF6E0A005C43BA /* Model */,
				9CD60D121CFF6D04005C43BA /* Controller */,
				9CD60D171CFF6DEA005C43BA /* Assets */,
				9CD60D181CFF6DFB005C43BA /* Supporting Files */,
			);
			path = "On The Map";
			sourceTree = "<group>";
		};
		9CD60CF21CFF6BF9005C43BA /* On The MapTests */ = {
			isa = PBXGroup;
			children = (
				9CD60CF31CFF6BF9005C43BA /* On_The_MapTests.swift */,
				9CD60CF51CFF6BF9005C43BA /* Info.plist */,
			);
			path = "On The MapTests";
			sourceTree = "<group>";
		};
		9CD60CFD1CFF6BF9005C43BA /* On The MapUITests */ = {
			isa = PBXGroup;
			children = (
				9CD60CFE1CFF6BF9005C43BA /* On_The_MapUITests.swift */,
				9CD60D001CFF6BF9005C43BA /* Info.plist */,
			);
			path = "On The MapUITests";
			sourceTree = "<group>";
		};
		9CD60D121CFF6D04005C43BA /* Controller */ = {
			isa = PBXGroup;
			children = (
				9CD60D131CFF6D5E005C43BA /* LoginViewController.swift */,
				9CD60CDE1CFF6BF9005C43BA /* MapTabViewController.swift */,
				9CD60CE01CFF6BF9005C43BA /* TableTabViewController.swift */,
				9CD60D151CFF6DCC005C43BA /* InfoPostViewController.swift */,
			);
			name = Controller;
			sourceTree = "<group>";
		};
		9CD60D171CFF6DEA005C43BA /* Assets */ = {
			isa = PBXGroup;
			children = (
				9CD60D211CFF7322005C43BA /* On The Map Assets */,
				9CD60CE21CFF6BF9005C43BA /* Main.storyboard */,
				9CD60CE51CFF6BF9005C43BA /* Assets.xcassets */,
				9CD60CE71CFF6BF9005C43BA /* LaunchScreen.storyboard */,
			);
			name = Assets;
			sourceTree = "<group>";
		};
		9CD60D181CFF6DFB005C43BA /* Supporting Files */ = {
			isa = PBXGroup;
			children = (
				9CD60CEA1CFF6BF9005C43BA /* Info.plist */,
			);
			name = "Supporting Files";
			sourceTree = "<group>";
		};
		9CD60D191CFF6E0A005C43BA /* Model */ = {
			isa = PBXGroup;
			children = (
				9CBC42431D0629600009B2A2 /* StudentConvenience.swift */,
				9CBC423F1D0627D80009B2A2 /* StudentClient.swift */,
				9CD60D1D1CFF6FAE005C43BA /* Constants.swift */,
				9CD60D101CFF6CF1005C43BA /* StudentInformation.swift */,
				9CBC42491D147AB90009B2A2 /* StudentInfoManager.swift */,
			);
			name = Model;
			sourceTree = "<group>";
		};
		9CD60D211CFF7322005C43BA /* On The Map Assets */ = {
			isa = PBXGroup;
			children = (
				9CD60D221CFF7322005C43BA /* Icon-40.png */,
				9CD60D231CFF7322005C43BA /* Icon-40@2x.png */,
				9CD60D241CFF7322005C43BA /* Icon-40@3x.png */,
				9CD60D251CFF7322005C43BA /* Icon-60@2x.png */,
				9CD60D261CFF7322005C43BA /* Icon-60@3x.png */,
				9CD60D271CFF7322005C43BA /* Icon-76.png */,
				9CD60D281CFF7322005C43BA /* Icon-76@2x.png */,
				9CD60D291CFF7322005C43BA /* Icon-83.5@2x.png */,
				9CD60D2A1CFF7322005C43BA /* Icon-Small.png */,
				9CD60D2B1CFF7322005C43BA /* Icon-Small@2x.png */,
				9CD60D2C1CFF7322005C43BA /* Icon-Small@3x.png */,
				9CD60D2D1CFF7322005C43BA /* list.pdf */,
				9CD60D2E1CFF7322005C43BA /* map.pdf */,
				9CD60D2F1CFF7322005C43BA /* pin.pdf */,
				9CD60D301CFF7322005C43BA /* udacity.pdf */,
			);
			path = "On The Map Assets";
			sourceTree = "<group>";
		};
/* End PBXGroup section */

/* Begin PBXNativeTarget section */
		9CD60CD81CFF6BF9005C43BA /* On The Map */ = {
			isa = PBXNativeTarget;
			buildConfigurationList = 9CD60D031CFF6BF9005C43BA /* Build configuration list for PBXNativeTarget "On The Map" */;
			buildPhases = (
				9CD60CD51CFF6BF9005C43BA /* Sources */,
				9CD60CD61CFF6BF9005C43BA /* Frameworks */,
				9CD60CD71CFF6BF9005C43BA /* Resources */,
			);
			buildRules = (
			);
			dependencies = (
			);
			name = "On The Map";
			productName = "On The Map";
			productReference = 9CD60CD91CFF6BF9005C43BA /* On The Map.app */;
			productType = "com.apple.product-type.application";
		};
		9CD60CEE1CFF6BF9005C43BA /* On The MapTests */ = {
			isa = PBXNativeTarget;
			buildConfigurationList = 9CD60D061CFF6BF9005C43BA /* Build configuration list for PBXNativeTarget "On The MapTests" */;
			buildPhases = (
				9CD60CEB1CFF6BF9005C43BA /* Sources */,
				9CD60CEC1CFF6BF9005C43BA /* Frameworks */,
				9CD60CED1CFF6BF9005C43BA /* Resources */,
			);
			buildRules = (
			);
			dependencies = (
				9CD60CF11CFF6BF9005C43BA /* PBXTargetDependency */,
			);
			name = "On The MapTests";
			productName = "On The MapTests";
			productReference = 9CD60CEF1CFF6BF9005C43BA /* On The MapTests.xctest */;
			productType = "com.apple.product-type.bundle.unit-test";
		};
		9CD60CF91CFF6BF9005C43BA /* On The MapUITests */ = {
			isa = PBXNativeTarget;
			buildConfigurationList = 9CD60D091CFF6BF9005C43BA /* Build configuration list for PBXNativeTarget "On The MapUITests" */;
			buildPhases = (
				9CD60CF61CFF6BF9005C43BA /* Sources */,
				9CD60CF71CFF6BF9005C43BA /* Frameworks */,
				9CD60CF81CFF6BF9005C43BA /* Resources */,
			);
			buildRules = (
			);
			dependencies = (
				9CD60CFC1CFF6BF9005C43BA /* PBXTargetDependency */,
			);
			name = "On The MapUITests";
			productName = "On The MapUITests";
			productReference = 9CD60CFA1CFF6BF9005C43BA /* On The MapUITests.xctest */;
			productType = "com.apple.product-type.bundle.ui-testing";
		};
/* End PBXNativeTarget section */

/* Begin PBXProject section */
		9CD60CD11CFF6BF9005C43BA /* Project object */ = {
			isa = PBXProject;
			attributes = {
				LastSwiftUpdateCheck = 0730;
				LastUpgradeCheck = 0730;
				ORGANIZATIONNAME = "Bella Voce Productions";
				TargetAttributes = {
					9CD60CD81CFF6BF9005C43BA = {
						CreatedOnToolsVersion = 7.3.1;
					};
					9CD60CEE1CFF6BF9005C43BA = {
						CreatedOnToolsVersion = 7.3.1;
						TestTargetID = 9CD60CD81CFF6BF9005C43BA;
					};
					9CD60CF91CFF6BF9005C43BA = {
						CreatedOnToolsVersion = 7.3.1;
						TestTargetID = 9CD60CD81CFF6BF9005C43BA;
					};
				};
			};
			buildConfigurationList = 9CD60CD41CFF6BF9005C43BA /* Build configuration list for PBXProject "On The Map" */;
			compatibilityVersion = "Xcode 3.2";
			developmentRegion = English;
			hasScannedForEncodings = 0;
			knownRegions = (
				en,
				Base,
			);
			mainGroup = 9CD60CD01CFF6BF9005C43BA;
			productRefGroup = 9CD60CDA1CFF6BF9005C43BA /* Products */;
			projectDirPath = "";
			projectRoot = "";
			targets = (
				9CD60CD81CFF6BF9005C43BA /* On The Map */,
				9CD60CEE1CFF6BF9005C43BA /* On The MapTests */,
				9CD60CF91CFF6BF9005C43BA /* On The MapUITests */,
			);
		};
/* End PBXProject section */

/* Begin PBXResourcesBuildPhase section */
		9CD60CD71CFF6BF9005C43BA /* Resources */ = {
			isa = PBXResourcesBuildPhase;
			buildActionMask = 2147483647;
			files = (
				9CD60D3F1CFF7322005C43BA /* udacity.pdf in Resources */,
				9CD60D3E1CFF7322005C43BA /* pin.pdf in Resources */,
				9CD60D381CFF7322005C43BA /* Icon-83.5@2x.png in Resources */,
				9CD60D351CFF7322005C43BA /* Icon-60@3x.png in Resources */,
				9CD60D311CFF7322005C43BA /* Icon-40.png in Resources */,
				9CD60CE91CFF6BF9005C43BA /* LaunchScreen.storyboard in Resources */,
				9CD60CE61CFF6BF9005C43BA /* Assets.xcassets in Resources */,
				9CD60D3A1CFF7322005C43BA /* Icon-Small@2x.png in Resources */,
				9CD60D341CFF7322005C43BA /* Icon-60@2x.png in Resources */,
				9CD60CE41CFF6BF9005C43BA /* Main.storyboard in Resources */,
				9CD60D331CFF7322005C43BA /* Icon-40@3x.png in Resources */,
				9CD60D391CFF7322005C43BA /* Icon-Small.png in Resources */,
				9CD60D321CFF7322005C43BA /* Icon-40@2x.png in Resources */,
				9CD60D371CFF7322005C43BA /* Icon-76@2x.png in Resources */,
				9CD60D3B1CFF7322005C43BA /* Icon-Small@3x.png in Resources */,
				9CD60D3D1CFF7322005C43BA /* map.pdf in Resources */,
				9CD60D361CFF7322005C43BA /* Icon-76.png in Resources */,
				9CD60D3C1CFF7322005C43BA /* list.pdf in Resources */,
			);
			runOnlyForDeploymentPostprocessing = 0;
		};
		9CD60CED1CFF6BF9005C43BA /* Resources */ = {
			isa = PBXResourcesBuildPhase;
			buildActionMask = 2147483647;
			files = (
			);
			runOnlyForDeploymentPostprocessing = 0;
		};
		9CD60CF81CFF6BF9005C43BA /* Resources */ = {
			isa = PBXResourcesBuildPhase;
			buildActionMask = 2147483647;
			files = (
			);
			runOnlyForDeploymentPostprocessing = 0;
		};
/* End PBXResourcesBuildPhase section */

/* Begin PBXSourcesBuildPhase section */
		9CD60CD51CFF6BF9005C43BA /* Sources */ = {
			isa = PBXSourcesBuildPhase;
			buildActionMask = 2147483647;
			files = (
				9CD60D161CFF6DCC005C43BA /* InfoPostViewController.swift in Sources */,
				9CD60D1E1CFF6FAE005C43BA /* Constants.swift in Sources */,
				9CBC42401D0627D80009B2A2 /* StudentClient.swift in Sources */,
				9CD60D141CFF6D5E005C43BA /* LoginViewController.swift in Sources */,
				9CD60D111CFF6CF1005C43BA /* StudentInformation.swift in Sources */,
				9CD60CE11CFF6BF9005C43BA /* TableTabViewController.swift in Sources */,
				9CD60CDD1CFF6BF9005C43BA /* AppDelegate.swift in Sources */,
				9CBC424A1D147AB90009B2A2 /* StudentInfoManager.swift in Sources */,
				9CBC42461D11E3C20009B2A2 /* Reachability.swift in Sources */,
				9CD60CDF1CFF6BF9005C43BA /* MapTabViewController.swift in Sources */,
				9CD60D0F1CFF6CD3005C43BA /* GCDBlackBox.swift in Sources */,
				9CBC42441D0629600009B2A2 /* StudentConvenience.swift in Sources */,
			);
			runOnlyForDeploymentPostprocessing = 0;
		};
		9CD60CEB1CFF6BF9005C43BA /* Sources */ = {
			isa = PBXSourcesBuildPhase;
			buildActionMask = 2147483647;
			files = (
				9CD60CF41CFF6BF9005C43BA /* On_The_MapTests.swift in Sources */,
			);
			runOnlyForDeploymentPostprocessing = 0;
		};
		9CD60CF61CFF6BF9005C43BA /* Sources */ = {
			isa = PBXSourcesBuildPhase;
			buildActionMask = 2147483647;
			files = (
				9CD60CFF1CFF6BF9005C43BA /* On_The_MapUITests.swift in Sources */,
			);
			runOnlyForDeploymentPostprocessing = 0;
		};
/* End PBXSourcesBuildPhase section */

/* Begin PBXTargetDependency section */
		9CD60CF11CFF6BF9005C43BA /* PBXTargetDependency */ = {
			isa = PBXTargetDependency;
			target = 9CD60CD81CFF6BF9005C43BA /* On The Map */;
			targetProxy = 9CD60CF01CFF6BF9005C43BA /* PBXContainerItemProxy */;
		};
		9CD60CFC1CFF6BF9005C43BA /* PBXTargetDependency */ = {
			isa = PBXTargetDependency;
			target = 9CD60CD81CFF6BF9005C43BA /* On The Map */;
			targetProxy = 9CD60CFB1CFF6BF9005C43BA /* PBXContainerItemProxy */;
		};
/* End PBXTargetDependency section */

/* Begin PBXVariantGroup section */
		9CD60CE21CFF6BF9005C43BA /* Main.storyboard */ = {
			isa = PBXVariantGroup;
			children = (
				9CD60CE31CFF6BF9005C43BA /* Base */,
			);
			name = Main.storyboard;
			sourceTree = "<group>";
		};
		9CD60CE71CFF6BF9005C43BA /* LaunchScreen.storyboard */ = {
			isa = PBXVariantGroup;
			children = (
				9CD60CE81CFF6BF9005C43BA /* Base */,
			);
			name = LaunchScreen.storyboard;
			sourceTree = "<group>";
		};
/* End PBXVariantGroup section */

/* Begin XCBuildConfiguration section */
		9CD60D011CFF6BF9005C43BA /* Debug */ = {
			isa = XCBuildConfiguration;
			buildSettings = {
				ALWAYS_SEARCH_USER_PATHS = NO;
				CLANG_ANALYZER_NONNULL = YES;
				CLANG_CXX_LANGUAGE_STANDARD = "gnu++0x";
				CLANG_CXX_LIBRARY = "libc++";
				CLANG_ENABLE_MODULES = YES;
				CLANG_ENABLE_OBJC_ARC = YES;
				CLANG_WARN_BOOL_CONVERSION = YES;
				CLANG_WARN_CONSTANT_CONVERSION = YES;
				CLANG_WARN_DIRECT_OBJC_ISA_USAGE = YES_ERROR;
				CLANG_WARN_EMPTY_BODY = YES;
				CLANG_WARN_ENUM_CONVERSION = YES;
				CLANG_WARN_INT_CONVERSION = YES;
				CLANG_WARN_OBJC_ROOT_CLASS = YES_ERROR;
				CLANG_WARN_UNREACHABLE_CODE = YES;
				CLANG_WARN__DUPLICATE_METHOD_MATCH = YES;
				"CODE_SIGN_IDENTITY[sdk=iphoneos*]" = "iPhone Developer";
				COPY_PHASE_STRIP = NO;
				DEBUG_INFORMATION_FORMAT = dwarf;
				ENABLE_STRICT_OBJC_MSGSEND = YES;
				ENABLE_TESTABILITY = YES;
				GCC_C_LANGUAGE_STANDARD = gnu99;
				GCC_DYNAMIC_NO_PIC = NO;
				GCC_NO_COMMON_BLOCKS = YES;
				GCC_OPTIMIZATION_LEVEL = 0;
				GCC_PREPROCESSOR_DEFINITIONS = (
					"DEBUG=1",
					"$(inherited)",
				);
				GCC_WARN_64_TO_32_BIT_CONVERSION = YES;
				GCC_WARN_ABOUT_RETURN_TYPE = YES_ERROR;
				GCC_WARN_UNDECLARED_SELECTOR = YES;
				GCC_WARN_UNINITIALIZED_AUTOS = YES_AGGRESSIVE;
				GCC_WARN_UNUSED_FUNCTION = YES;
				GCC_WARN_UNUSED_VARIABLE = YES;
				IPHONEOS_DEPLOYMENT_TARGET = 9.3;
				MTL_ENABLE_DEBUG_INFO = YES;
				ONLY_ACTIVE_ARCH = YES;
				SDKROOT = iphoneos;
				SWIFT_OPTIMIZATION_LEVEL = "-Onone";
			};
			name = Debug;
		};
		9CD60D021CFF6BF9005C43BA /* Release */ = {
			isa = XCBuildConfiguration;
			buildSettings = {
				ALWAYS_SEARCH_USER_PATHS = NO;
				CLANG_ANALYZER_NONNULL = YES;
				CLANG_CXX_LANGUAGE_STANDARD = "gnu++0x";
				CLANG_CXX_LIBRARY = "libc++";
				CLANG_ENABLE_MODULES = YES;
				CLANG_ENABLE_OBJC_ARC = YES;
				CLANG_WARN_BOOL_CONVERSION = YES;
				CLANG_WARN_CONSTANT_CONVERSION = YES;
				CLANG_WARN_DIRECT_OBJC_ISA_USAGE = YES_ERROR;
				CLANG_WARN_EMPTY_BODY = YES;
				CLANG_WARN_ENUM_CONVERSION = YES;
				CLANG_WARN_INT_CONVERSION = YES;
				CLANG_WARN_OBJC_ROOT_CLASS = YES_ERROR;
				CLANG_WARN_UNREACHABLE_CODE = YES;
				CLANG_WARN__DUPLICATE_METHOD_MATCH = YES;
				"CODE_SIGN_IDENTITY[sdk=iphoneos*]" = "iPhone Developer";
				COPY_PHASE_STRIP = NO;
				DEBUG_INFORMATION_FORMAT = "dwarf-with-dsym";
				ENABLE_NS_ASSERTIONS = NO;
				ENABLE_STRICT_OBJC_MSGSEND = YES;
				GCC_C_LANGUAGE_STANDARD = gnu99;
				GCC_NO_COMMON_BLOCKS = YES;
				GCC_WARN_64_TO_32_BIT_CONVERSION = YES;
				GCC_WARN_ABOUT_RETURN_TYPE = YES_ERROR;
				GCC_WARN_UNDECLARED_SELECTOR = YES;
				GCC_WARN_UNINITIALIZED_AUTOS = YES_AGGRESSIVE;
				GCC_WARN_UNUSED_FUNCTION = YES;
				GCC_WARN_UNUSED_VARIABLE = YES;
				IPHONEOS_DEPLOYMENT_TARGET = 9.3;
				MTL_ENABLE_DEBUG_INFO = NO;
				SDKROOT = iphoneos;
				VALIDATE_PRODUCT = YES;
			};
			name = Release;
		};
		9CD60D041CFF6BF9005C43BA /* Debug */ = {
			isa = XCBuildConfiguration;
			buildSettings = {
				ASSETCATALOG_COMPILER_APPICON_NAME = AppIcon;
				INFOPLIST_FILE = "On The Map/Info.plist";
				LD_RUNPATH_SEARCH_PATHS = "$(inherited) @executable_path/Frameworks";
				PRODUCT_BUNDLE_IDENTIFIER = "com.bellavoceproductions.On-The-Map";
				PRODUCT_NAME = "$(TARGET_NAME)";
			};
			name = Debug;
		};
		9CD60D051CFF6BF9005C43BA /* Release */ = {
			isa = XCBuildConfiguration;
			buildSettings = {
				ASSETCATALOG_COMPILER_APPICON_NAME = AppIcon;
				INFOPLIST_FILE = "On The Map/Info.plist";
				LD_RUNPATH_SEARCH_PATHS = "$(inherited) @executable_path/Frameworks";
				PRODUCT_BUNDLE_IDENTIFIER = "com.bellavoceproductions.On-The-Map";
				PRODUCT_NAME = "$(TARGET_NAME)";
			};
			name = Release;
		};
		9CD60D071CFF6BF9005C43BA /* Debug */ = {
			isa = XCBuildConfiguration;
			buildSettings = {
				BUNDLE_LOADER = "$(TEST_HOST)";
				INFOPLIST_FILE = "On The MapTests/Info.plist";
				LD_RUNPATH_SEARCH_PATHS = "$(inherited) @executable_path/Frameworks @loader_path/Frameworks";
				PRODUCT_BUNDLE_IDENTIFIER = "com.bellavoceproductions.On-The-MapTests";
				PRODUCT_NAME = "$(TARGET_NAME)";
				TEST_HOST = "$(BUILT_PRODUCTS_DIR)/On The Map.app/On The Map";
			};
			name = Debug;
		};
		9CD60D081CFF6BF9005C43BA /* Release */ = {
			isa = XCBuildConfiguration;
			buildSettings = {
				BUNDLE_LOADER = "$(TEST_HOST)";
				INFOPLIST_FILE = "On The MapTests/Info.plist";
				LD_RUNPATH_SEARCH_PATHS = "$(inherited) @executable_path/Frameworks @loader_path/Frameworks";
				PRODUCT_BUNDLE_IDENTIFIER = "com.bellavoceproductions.On-The-MapTests";
				PRODUCT_NAME = "$(TARGET_NAME)";
				TEST_HOST = "$(BUILT_PRODUCTS_DIR)/On The Map.app/On The Map";
			};
			name = Release;
		};
		9CD60D0A1CFF6BF9005C43BA /* Debug */ = {
			isa = XCBuildConfiguration;
			buildSettings = {
				INFOPLIST_FILE = "On The MapUITests/Info.plist";
				LD_RUNPATH_SEARCH_PATHS = "$(inherited) @executable_path/Frameworks @loader_path/Frameworks";
				PRODUCT_BUNDLE_IDENTIFIER = "com.bellavoceproductions.On-The-MapUITests";
				PRODUCT_NAME = "$(TARGET_NAME)";
				TEST_TARGET_NAME = "On The Map";
			};
			name = Debug;
		};
		9CD60D0B1CFF6BF9005C43BA /* Release */ = {
			isa = XCBuildConfiguration;
			buildSettings = {
				INFOPLIST_FILE = "On The MapUITests/Info.plist";
				LD_RUNPATH_SEARCH_PATHS = "$(inherited) @executable_path/Frameworks @loader_path/Frameworks";
				PRODUCT_BUNDLE_IDENTIFIER = "com.bellavoceproductions.On-The-MapUITests";
				PRODUCT_NAME = "$(TARGET_NAME)";
				TEST_TARGET_NAME = "On The Map";
			};
			name = Release;
		};
/* End XCBuildConfiguration section */

/* Begin XCConfigurationList section */
		9CD60CD41CFF6BF9005C43BA /* Build configuration list for PBXProject "On The Map" */ = {
			isa = XCConfigurationList;
			buildConfigurations = (
				9CD60D011CFF6BF9005C43BA /* Debug */,
				9CD60D021CFF6BF9005C43BA /* Release */,
			);
			defaultConfigurationIsVisible = 0;
			defaultConfigurationName = Release;
		};
		9CD60D031CFF6BF9005C43BA /* Build configuration list for PBXNativeTarget "On The Map" */ = {
			isa = XCConfigurationList;
			buildConfigurations = (
				9CD60D041CFF6BF9005C43BA /* Debug */,
				9CD60D051CFF6BF9005C43BA /* Release */,
			);
			defaultConfigurationIsVisible = 0;
			defaultConfigurationName = Release;
		};
		9CD60D061CFF6BF9005C43BA /* Build configuration list for PBXNativeTarget "On The MapTests" */ = {
			isa = XCConfigurationList;
			buildConfigurations = (
				9CD60D071CFF6BF9005C43BA /* Debug */,
				9CD60D081CFF6BF9005C43BA /* Release */,
			);
			defaultConfigurationIsVisible = 0;
			defaultConfigurationName = Release;
		};
		9CD60D091CFF6BF9005C43BA /* Build configuration list for PBXNativeTarget "On The MapUITests" */ = {
			isa = XCConfigurationList;
			buildConfigurations = (
				9CD60D0A1CFF6BF9005C43BA /* Debug */,
				9CD60D0B1CFF6BF9005C43BA /* Release */,
			);
			defaultConfigurationIsVisible = 0;
			defaultConfigurationName = Release;
		};
/* End XCConfigurationList section */
	};
	rootObject = 9CD60CD11CFF6BF9005C43BA /* Project object */;
}
